
Microsoft Visual Studio Solution File, Format Version 12.00
# Visual Studio Version 16
VisualStudioVersion = 16.0.32510.428
MinimumVisualStudioVersion = 10.0.40219.1
Project("{2150E333-8FDC-42A3-9474-1A3956D46DE8}") = "docs", "docs", "{81B7A28B-1F5A-408E-A771-5C725CB55FA3}"
	ProjectSection(SolutionItems) = preProject
		docs\NakShop.drawio = docs\NakShop.drawio
	EndProjectSection
EndProject
Project("{2150E333-8FDC-42A3-9474-1A3956D46DE8}") = "src", "src", "{E8A01604-4D26-43DC-918A-3FA72F27EE02}"
EndProject
Project("{2150E333-8FDC-42A3-9474-1A3956D46DE8}") = "EndPoints", "EndPoints", "{A08A6D7D-416F-4D84-AE03-DECB699D83C2}"
EndProject
Project("{2150E333-8FDC-42A3-9474-1A3956D46DE8}") = "Common", "Common", "{92852731-D81A-447C-83C8-4B21F816F738}"
EndProject
Project("{2150E333-8FDC-42A3-9474-1A3956D46DE8}") = "Shop", "Shop", "{C452F51E-4D8D-46F6-96CE-B2B4D9733A61}"
EndProject
Project("{9A19103F-16F7-4668-BE54-9A1E7A4F7556}") = "Shop.Domain", "src\Shop\Shop.Domain\Shop.Domain.csproj", "{97846035-1F11-4E45-AD54-C404E9B2D460}"
EndProject
Project("{9A19103F-16F7-4668-BE54-9A1E7A4F7556}") = "Shop.Application", "src\Shop\Shop.Application\Shop.Application.csproj", "{6BA04BB1-52CE-4CAA-BFC9-20F43ABAB48E}"
EndProject
Project("{9A19103F-16F7-4668-BE54-9A1E7A4F7556}") = "Shop.Infrastructure", "src\Shop\Shop.Infrastructure\Shop.Infrastructure.csproj", "{E4F22A15-1A0F-44DF-BC38-DDC82D39E7F6}"
EndProject
Project("{9A19103F-16F7-4668-BE54-9A1E7A4F7556}") = "Shop.Query", "src\Shop\Shop.Query\Shop.Query.csproj", "{6EBA4FA7-3110-43F6-A338-7761BEB858B8}"
EndProject
Project("{9A19103F-16F7-4668-BE54-9A1E7A4F7556}") = "Shop.Config", "src\Shop\Shop.Config\Shop.Config.csproj", "{5D9C57A4-BC79-4A03-83B9-D0C8C92794E9}"
EndProject
Project("{9A19103F-16F7-4668-BE54-9A1E7A4F7556}") = "Common.Domain", "src\Common\Common.Domain\Common.Domain.csproj", "{CF052857-1515-4311-8F4E-85D1B3D5514A}"
EndProject
Project("{9A19103F-16F7-4668-BE54-9A1E7A4F7556}") = "Common.Application", "src\Common\Common.Application\Common.Application.csproj", "{2C8FCCD1-6BF8-4780-918B-4F05463333EA}"
EndProject
Project("{9A19103F-16F7-4668-BE54-9A1E7A4F7556}") = "Common.Infrastructure", "src\Common\Common.Infrastructure\Common.Infrastructure.csproj", "{F3DFC843-2F36-45F1-A1CF-BC60EBDF50F8}"
EndProject
Project("{9A19103F-16F7-4668-BE54-9A1E7A4F7556}") = "Common.Query", "src\Common\Common.Query\Common.Query.csproj", "{892E03CD-A9BB-4820-9274-76D725A1E62C}"
EndProject
Project("{9A19103F-16F7-4668-BE54-9A1E7A4F7556}") = "Common.Cache", "src\Common\Common.Cache\Common.Cache.csproj", "{5C71F542-C7D0-4148-9CBB-BC0CD23135E4}"
EndProject
Project("{9A19103F-16F7-4668-BE54-9A1E7A4F7556}") = "Shop.Presentation.Facade", "src\Shop\Shop.Presentation.Facade\Shop.Presentation.Facade.csproj", "{F591880C-2F41-4DBD-B79F-CA9848D607A1}"
EndProject
Project("{FAE04EC0-301F-11D3-BF4B-00C04F79EFBC}") = "Shop.Web", "src\EndPoint\Shop.Web\Shop.Web.csproj", "{2C3CF97A-0548-4E0E-85AF-A28DB35E29F1}"
EndProject
Global
	GlobalSection(SolutionConfigurationPlatforms) = preSolution
		Debug|Any CPU = Debug|Any CPU
		Release|Any CPU = Release|Any CPU
	EndGlobalSection
	GlobalSection(ProjectConfigurationPlatforms) = postSolution
		{97846035-1F11-4E45-AD54-C404E9B2D460}.Debug|Any CPU.ActiveCfg = Debug|Any CPU
		{97846035-1F11-4E45-AD54-C404E9B2D460}.Debug|Any CPU.Build.0 = Debug|Any CPU
		{97846035-1F11-4E45-AD54-C404E9B2D460}.Release|Any CPU.ActiveCfg = Release|Any CPU
		{97846035-1F11-4E45-AD54-C404E9B2D460}.Release|Any CPU.Build.0 = Release|Any CPU
		{6BA04BB1-52CE-4CAA-BFC9-20F43ABAB48E}.Debug|Any CPU.ActiveCfg = Debug|Any CPU
		{6BA04BB1-52CE-4CAA-BFC9-20F43ABAB48E}.Debug|Any CPU.Build.0 = Debug|Any CPU
		{6BA04BB1-52CE-4CAA-BFC9-20F43ABAB48E}.Release|Any CPU.ActiveCfg = Release|Any CPU
		{6BA04BB1-52CE-4CAA-BFC9-20F43ABAB48E}.Release|Any CPU.Build.0 = Release|Any CPU
		{E4F22A15-1A0F-44DF-BC38-DDC82D39E7F6}.Debug|Any CPU.ActiveCfg = Debug|Any CPU
		{E4F22A15-1A0F-44DF-BC38-DDC82D39E7F6}.Debug|Any CPU.Build.0 = Debug|Any CPU
		{E4F22A15-1A0F-44DF-BC38-DDC82D39E7F6}.Release|Any CPU.ActiveCfg = Release|Any CPU
		{E4F22A15-1A0F-44DF-BC38-DDC82D39E7F6}.Release|Any CPU.Build.0 = Release|Any CPU
		{6EBA4FA7-3110-43F6-A338-7761BEB858B8}.Debug|Any CPU.ActiveCfg = Debug|Any CPU
		{6EBA4FA7-3110-43F6-A338-7761BEB858B8}.Debug|Any CPU.Build.0 = Debug|Any CPU
		{6EBA4FA7-3110-43F6-A338-7761BEB858B8}.Release|Any CPU.ActiveCfg = Release|Any CPU
		{6EBA4FA7-3110-43F6-A338-7761BEB858B8}.Release|Any CPU.Build.0 = Release|Any CPU
		{5D9C57A4-BC79-4A03-83B9-D0C8C92794E9}.Debug|Any CPU.ActiveCfg = Debug|Any CPU
		{5D9C57A4-BC79-4A03-83B9-D0C8C92794E9}.Debug|Any CPU.Build.0 = Debug|Any CPU
		{5D9C57A4-BC79-4A03-83B9-D0C8C92794E9}.Release|Any CPU.ActiveCfg = Release|Any CPU
		{5D9C57A4-BC79-4A03-83B9-D0C8C92794E9}.Release|Any CPU.Build.0 = Release|Any CPU
		{CF052857-1515-4311-8F4E-85D1B3D5514A}.Debug|Any CPU.ActiveCfg = Debug|Any CPU
		{CF052857-1515-4311-8F4E-85D1B3D5514A}.Debug|Any CPU.Build.0 = Debug|Any CPU
		{CF052857-1515-4311-8F4E-85D1B3D5514A}.Release|Any CPU.ActiveCfg = Release|Any CPU
		{CF052857-1515-4311-8F4E-85D1B3D5514A}.Release|Any CPU.Build.0 = Release|Any CPU
		{2C8FCCD1-6BF8-4780-918B-4F05463333EA}.Debug|Any CPU.ActiveCfg = Debug|Any CPU
		{2C8FCCD1-6BF8-4780-918B-4F05463333EA}.Debug|Any CPU.Build.0 = Debug|Any CPU
		{2C8FCCD1-6BF8-4780-918B-4F05463333EA}.Release|Any CPU.ActiveCfg = Release|Any CPU
		{2C8FCCD1-6BF8-4780-918B-4F05463333EA}.Release|Any CPU.Build.0 = Release|Any CPU
		{F3DFC843-2F36-45F1-A1CF-BC60EBDF50F8}.Debug|Any CPU.ActiveCfg = Debug|Any CPU
		{F3DFC843-2F36-45F1-A1CF-BC60EBDF50F8}.Debug|Any CPU.Build.0 = Debug|Any CPU
		{F3DFC843-2F36-45F1-A1CF-BC60EBDF50F8}.Release|Any CPU.ActiveCfg = Release|Any CPU
		{F3DFC843-2F36-45F1-A1CF-BC60EBDF50F8}.Release|Any CPU.Build.0 = Release|Any CPU
		{892E03CD-A9BB-4820-9274-76D725A1E62C}.Debug|Any CPU.ActiveCfg = Debug|Any CPU
		{892E03CD-A9BB-4820-9274-76D725A1E62C}.Debug|Any CPU.Build.0 = Debug|Any CPU
		{892E03CD-A9BB-4820-9274-76D725A1E62C}.Release|Any CPU.ActiveCfg = Release|Any CPU
		{892E03CD-A9BB-4820-9274-76D725A1E62C}.Release|Any CPU.Build.0 = Release|Any CPU
		{5C71F542-C7D0-4148-9CBB-BC0CD23135E4}.Debug|Any CPU.ActiveCfg = Debug|Any CPU
		{5C71F542-C7D0-4148-9CBB-BC0CD23135E4}.Debug|Any CPU.Build.0 = Debug|Any CPU
		{5C71F542-C7D0-4148-9CBB-BC0CD23135E4}.Release|Any CPU.ActiveCfg = Release|Any CPU
		{5C71F542-C7D0-4148-9CBB-BC0CD23135E4}.Release|Any CPU.Build.0 = Release|Any CPU
		{F591880C-2F41-4DBD-B79F-CA9848D607A1}.Debug|Any CPU.ActiveCfg = Debug|Any CPU
		{F591880C-2F41-4DBD-B79F-CA9848D607A1}.Debug|Any CPU.Build.0 = Debug|Any CPU
		{F591880C-2F41-4DBD-B79F-CA9848D607A1}.Release|Any CPU.ActiveCfg = Release|Any CPU
		{F591880C-2F41-4DBD-B79F-CA9848D607A1}.Release|Any CPU.Build.0 = Release|Any CPU
		{2C3CF97A-0548-4E0E-85AF-A28DB35E29F1}.Debug|Any CPU.ActiveCfg = Debug|Any CPU
		{2C3CF97A-0548-4E0E-85AF-A28DB35E29F1}.Debug|Any CPU.Build.0 = Debug|Any CPU
		{2C3CF97A-0548-4E0E-85AF-A28DB35E29F1}.Release|Any CPU.ActiveCfg = Release|Any CPU
		{2C3CF97A-0548-4E0E-85AF-A28DB35E29F1}.Release|Any CPU.Build.0 = Release|Any CPU
	EndGlobalSection
	GlobalSection(SolutionProperties) = preSolution
		HideSolutionNode = FALSE
	EndGlobalSection
	GlobalSection(NestedProjects) = preSolution
		{A08A6D7D-416F-4D84-AE03-DECB699D83C2} = {E8A01604-4D26-43DC-918A-3FA72F27EE02}
		{92852731-D81A-447C-83C8-4B21F816F738} = {E8A01604-4D26-43DC-918A-3FA72F27EE02}
		{C452F51E-4D8D-46F6-96CE-B2B4D9733A61} = {E8A01604-4D26-43DC-918A-3FA72F27EE02}
		{97846035-1F11-4E45-AD54-C404E9B2D460} = {C452F51E-4D8D-46F6-96CE-B2B4D9733A61}
		{6BA04BB1-52CE-4CAA-BFC9-20F43ABAB48E} = {C452F51E-4D8D-46F6-96CE-B2B4D9733A61}
		{E4F22A15-1A0F-44DF-BC38-DDC82D39E7F6} = {C452F51E-4D8D-46F6-96CE-B2B4D9733A61}
		{6EBA4FA7-3110-43F6-A338-7761BEB858B8} = {C452F51E-4D8D-46F6-96CE-B2B4D9733A61}
		{5D9C57A4-BC79-4A03-83B9-D0C8C92794E9} = {C452F51E-4D8D-46F6-96CE-B2B4D9733A61}
		{CF052857-1515-4311-8F4E-85D1B3D5514A} = {92852731-D81A-447C-83C8-4B21F816F738}
		{2C8FCCD1-6BF8-4780-918B-4F05463333EA} = {92852731-D81A-447C-83C8-4B21F816F738}
		{F3DFC843-2F36-45F1-A1CF-BC60EBDF50F8} = {92852731-D81A-447C-83C8-4B21F816F738}
		{892E03CD-A9BB-4820-9274-76D725A1E62C} = {92852731-D81A-447C-83C8-4B21F816F738}
		{5C71F542-C7D0-4148-9CBB-BC0CD23135E4} = {92852731-D81A-447C-83C8-4B21F816F738}
		{F591880C-2F41-4DBD-B79F-CA9848D607A1} = {C452F51E-4D8D-46F6-96CE-B2B4D9733A61}
		{2C3CF97A-0548-4E0E-85AF-A28DB35E29F1} = {A08A6D7D-416F-4D84-AE03-DECB699D83C2}
	EndGlobalSection
	GlobalSection(ExtensibilityGlobals) = postSolution
		SolutionGuid = {D83E676B-92FF-486C-B530-31B6C84B4E26}
	EndGlobalSection
EndGlobal
